{
  "version": 4,
  "terraform_version": "0.12.31",
  "serial": 20,
  "lineage": "a5cb2df2-2ca2-c5c4-914b-272c927a9939",
  "outputs": {},
  "resources": [
    {
      "module": "module.sak_kubeflow.module.network",
      "mode": "data",
      "type": "aws_availability_zones",
      "name": "available",
      "provider": "module.sak_kubeflow.provider.aws",
      "instances": [
        {
          "schema_version": 0,
          "attributes": {
            "all_availability_zones": null,
            "blacklisted_names": null,
            "blacklisted_zone_ids": null,
            "filter": null,
            "group_names": [
              "us-west-2"
            ],
            "id": "2021-05-06 08:07:53.895543 +0000 UTC",
            "names": [
              "us-west-2a",
              "us-west-2b",
              "us-west-2c",
              "us-west-2d"
            ],
            "state": null,
            "zone_ids": [
              "usw2-az1",
              "usw2-az2",
              "usw2-az3",
              "usw2-az4"
            ]
          }
        }
      ]
    },
    {
      "module": "module.sak_kubeflow.module.kubernetes.module.eks",
      "mode": "data",
      "type": "aws_iam_policy_document",
      "name": "cluster_assume_role_policy",
      "provider": "module.sak_kubeflow.provider.aws",
      "instances": [
        {
          "schema_version": 0,
          "attributes": {
            "id": "2764486067",
            "json": "{\n  \"Version\": \"2012-10-17\",\n  \"Statement\": [\n    {\n      \"Sid\": \"EKSClusterAssumeRole\",\n      \"Effect\": \"Allow\",\n      \"Action\": \"sts:AssumeRole\",\n      \"Principal\": {\n        \"Service\": \"eks.amazonaws.com\"\n      }\n    }\n  ]\n}",
            "override_json": null,
            "policy_id": null,
            "source_json": null,
            "statement": [
              {
                "actions": [
                  "sts:AssumeRole"
                ],
                "condition": [],
                "effect": "Allow",
                "not_actions": [],
                "not_principals": [],
                "not_resources": [],
                "principals": [
                  {
                    "identifiers": [
                      "eks.amazonaws.com"
                    ],
                    "type": "Service"
                  }
                ],
                "resources": [],
                "sid": "EKSClusterAssumeRole"
              }
            ],
            "version": "2012-10-17"
          }
        }
      ]
    },
    {
      "module": "module.sak_kubeflow.module.kubernetes.module.eks",
      "mode": "data",
      "type": "aws_iam_role",
      "name": "custom_cluster_iam_role",
      "each": "list",
      "provider": "module.sak_kubeflow.provider.aws",
      "instances": []
    },
    {
      "module": "module.sak_kubeflow.module.kubernetes.module.eks",
      "mode": "data",
      "type": "aws_partition",
      "name": "current",
      "provider": "module.sak_kubeflow.provider.aws",
      "instances": [
        {
          "schema_version": 0,
          "attributes": {
            "dns_suffix": "amazonaws.com",
            "id": "2021-05-06 08:07:53.895531 +0000 UTC",
            "partition": "aws"
          }
        }
      ]
    },
    {
      "module": "module.sak_kubeflow.module.network",
      "mode": "data",
      "type": "template_file",
      "name": "private",
      "each": "list",
      "provider": "provider.template",
      "instances": [
        {
          "index_key": 0,
          "schema_version": 0,
          "attributes": {
            "filename": null,
            "id": "caca8241fd0ad05f8d906a3621d54ab1dabdb253d82bce72c9944abb30b3f67b",
            "rendered": "10.10.200.0/24",
            "template": "10.10.200.0/24",
            "vars": null
          }
        },
        {
          "index_key": 1,
          "schema_version": 0,
          "attributes": {
            "filename": null,
            "id": "381d263fd03ec75f2f2873724cf045b2fca75476c5d28b2430f99264b0769d54",
            "rendered": "10.10.201.0/24",
            "template": "10.10.201.0/24",
            "vars": null
          }
        }
      ]
    },
    {
      "module": "module.sak_kubeflow.module.cognito.module.cognito_acm",
      "mode": "managed",
      "type": "aws_acm_certificate",
      "name": "this",
      "each": "list",
      "provider": "module.sak_kubeflow.module.cognito.provider.aws.cognito",
      "instances": [
        {
          "index_key": 0,
          "schema_version": 0,
          "attributes": {
            "arn": "arn:aws:acm:us-east-1:641456973426:certificate/c412a6d9-3f59-45ca-9263-2fecb9ba8078",
            "certificate_authority_arn": "",
            "certificate_body": null,
            "certificate_chain": null,
            "domain_name": "auth.testcognito.sak.ninja",
            "domain_validation_options": [
              {
                "domain_name": "auth.testcognito.sak.ninja",
                "resource_record_name": "_2d8f19f5155ac6f177a72036596f7e70.auth.testcognito.sak.ninja.",
                "resource_record_type": "CNAME",
                "resource_record_value": "_ccf5954a2c270fb24a98e5adeb2f6e5f.zzxlnyslwt.acm-validations.aws."
              }
            ],
            "id": "arn:aws:acm:us-east-1:641456973426:certificate/c412a6d9-3f59-45ca-9263-2fecb9ba8078",
            "options": [
              {
                "certificate_transparency_logging_preference": "ENABLED"
              }
            ],
            "private_key": null,
            "status": "PENDING_VALIDATION",
            "subject_alternative_names": [],
            "tags": {
              "environment": "testing",
              "project": "Kubeflow"
            },
            "validation_emails": [],
            "validation_method": "DNS"
          },
          "private": "bnVsbA=="
        }
      ]
    },
    {
      "module": "module.sak_kubeflow.module.cognito.module.cognito_acm",
      "mode": "managed",
      "type": "aws_acm_certificate_validation",
      "name": "this",
      "each": "list",
      "provider": "module.sak_kubeflow.module.cognito.provider.aws.cognito",
      "instances": []
    },
    {
      "module": "module.sak_kubeflow.module.kubernetes.module.eks",
      "mode": "managed",
      "type": "aws_cloudwatch_log_group",
      "name": "this",
      "each": "list",
      "provider": "module.sak_kubeflow.provider.aws",
      "instances": []
    },
    {
      "module": "module.sak_kubeflow.module.cognito",
      "mode": "managed",
      "type": "aws_cognito_user_pool",
      "name": "this",
      "provider": "module.sak_kubeflow.provider.aws",
      "instances": [
        {
          "schema_version": 0,
          "attributes": {
            "admin_create_user_config": [
              {
                "allow_admin_create_user_only": false,
                "invite_message_template": [
                  {
                    "email_message": "Your SAK Kubeflow username is {username} and temporary password is {####}.\nPlease follow the URL to access Kubeflow: https://kubeflow.testcognito.sak.ninja\n",
                    "email_subject": "Your SAK Kubeflow temporary password",
                    "sms_message": "Your SAK Kubeflow username is {username} and temporary password is {####}"
                  }
                ],
                "unused_account_validity_days": 7
              }
            ],
            "alias_attributes": null,
            "arn": "arn:aws:cognito-idp:us-west-2:641456973426:userpool/us-west-2_MEY2tGhva",
            "auto_verified_attributes": null,
            "creation_date": "2021-05-06T08:18:39Z",
            "device_configuration": [],
            "email_configuration": [
              {
                "email_sending_account": "COGNITO_DEFAULT",
                "from_email_address": "",
                "reply_to_email_address": "",
                "source_arn": ""
              }
            ],
            "email_verification_message": null,
            "email_verification_subject": null,
            "endpoint": "cognito-idp.us-west-2.amazonaws.com/us-west-2_MEY2tGhva",
            "id": "us-west-2_MEY2tGhva",
            "lambda_config": [],
            "last_modified_date": "2021-05-06T08:18:39Z",
            "mfa_configuration": "OFF",
            "name": "testcognito",
            "password_policy": [
              {
                "minimum_length": 8,
                "require_lowercase": true,
                "require_numbers": true,
                "require_symbols": true,
                "require_uppercase": true,
                "temporary_password_validity_days": 7
              }
            ],
            "schema": [],
            "sms_authentication_message": null,
            "sms_configuration": [],
            "sms_verification_message": null,
            "software_token_mfa_configuration": [],
            "tags": null,
            "user_pool_add_ons": [],
            "username_attributes": null,
            "username_configuration": [],
            "verification_message_template": [
              {
                "default_email_option": "CONFIRM_WITH_CODE",
                "email_message": "",
                "email_message_by_link": "",
                "email_subject": "",
                "email_subject_by_link": "",
                "sms_message": ""
              }
            ]
          },
          "private": "bnVsbA==",
          "dependencies": [
            "module.sak_kubeflow.module.kubernetes.module.eks.aws_cloudwatch_log_group.this",
            "module.sak_kubeflow.module.kubernetes.module.eks.aws_eks_cluster.this",
            "module.sak_kubeflow.module.kubernetes.module.eks.aws_iam_role.cluster",
            "module.sak_kubeflow.module.kubernetes.module.eks.aws_iam_role_policy_attachment.cluster_AmazonEKSClusterPolicy",
            "module.sak_kubeflow.module.kubernetes.module.eks.aws_iam_role_policy_attachment.cluster_AmazonEKSServicePolicy",
            "module.sak_kubeflow.module.kubernetes.module.eks.aws_security_group.cluster",
            "module.sak_kubeflow.module.network.module.vpc.aws_subnet.private",
            "module.sak_kubeflow.module.network.module.vpc.aws_vpc.this",
            "module.sak_kubeflow.module.network.module.vpc.aws_vpc_ipv4_cidr_block_association.this"
          ]
        }
      ]
    },
    {
      "module": "module.sak_kubeflow.module.cognito",
      "mode": "managed",
      "type": "aws_cognito_user_pool_domain",
      "name": "this",
      "provider": "module.sak_kubeflow.provider.aws",
      "instances": []
    },
    {
      "module": "module.sak_kubeflow.module.kubernetes.module.eks",
      "mode": "managed",
      "type": "aws_eks_cluster",
      "name": "this",
      "each": "list",
      "provider": "module.sak_kubeflow.provider.aws",
      "instances": [
        {
          "index_key": 0,
          "schema_version": 0,
          "attributes": {
            "arn": "arn:aws:eks:us-west-2:641456973426:cluster/testcognito",
            "certificate_authority": [
              {
                "data": "LS0tLS1CRUdJTiBDRVJUSUZJQ0FURS0tLS0tCk1JSUN5RENDQWJDZ0F3SUJBZ0lCQURBTkJna3Foa2lHOXcwQkFRc0ZBREFWTVJNd0VRWURWUVFERXdwcmRXSmwKY201bGRHVnpNQjRYRFRJeE1EVXdOakE0TVRRME1Gb1hEVE14TURVd05EQTRNVFEwTUZvd0ZURVRNQkVHQTFVRQpBeE1LYTNWaVpYSnVaWFJsY3pDQ0FTSXdEUVlKS29aSWh2Y05BUUVCQlFBRGdnRVBBRENDQVFvQ2dnRUJBTWFNCjRFS3dldDExLzNKOTg1eldtRHpYTExJaW9wcXllbGxBeThoTWR6eXIwRC8xZ0YrQmFPYjZDdE9vRDNWd0NCZlEKdzZ1NmlqSHNqVWx2QlBZS3NZYzdzbUloUm9vbUsrNEtKOEl1YjVGRllpY3FaL2FxWjdteXFtWlJScGJuTUdzYwp5cGJOWGQrOHd0UXJXK0NLdUlBa2I5UDZUT2xTNnNZNW0vSjh0QnRIUUh5T01CeDNCbzRqVjBNcHpraEQzM0x4CnIzV3ZxWHRYYXhQcVZSaGNCZ1BtL2JDNWZFRSs4c0pIbHUwTkMwb2RFZHQzQXVuYnErTm53UDljblV5MzlLU20KUC9qSVRKaFJUVlB3Y2R6Ris4Mk56NmJ2N3ZnT0FBdlNsaE5kc2Zra0dGNGlWaWhrWmxYQzJybzJhZWkyWWFtUgpIbEp2b3A1OExZYTg0eENwUi9NQ0F3RUFBYU1qTUNFd0RnWURWUjBQQVFIL0JBUURBZ0trTUE4R0ExVWRFd0VCCi93UUZNQU1CQWY4d0RRWUpLb1pJaHZjTkFRRUxCUUFEZ2dFQkFHS3dSeHEzUEQrRHljdmdWeTdkZDhJLy9yUFEKWTRiYVpnUnNCdFlFS1QxSG9QaTFteEpYcXJ6dGxaN1dVS2NHQkxoTHl3QUdCZE51KzBVT1JEUDRpRTNGOVhTOAo5WDliRGNoZU1sbnhSc3FINXZJTE80SjJKL3ZrYzFzdEFJa0Fwc0krN0g4Q3RpZHF3NXk1eENoUi9IWGY2U1ByCmpRWkFreUxDMkV4M0ZrMXB2cXlWSXpOZjNzV3V2Q2FxUTVCa0ZpT0R1cTVKOUJGaFVWSjBHNTFkZFNrbndaSnoKMDZPTnFQYUhiSTdwVjBoNjhxNWl1QjJPZGppa3BnaU41Vkg5RUNLU3NwYWw3dXRpd2FlU3JPeXA5R0w4NEZ3ZwozZ0Y3bzBSV3Y4TkRDVjB3NytqYy9ITlpiSEg2UDdPc0k4MXJVYzR3SXF4cXlpTldONFdqSWk1djRTVT0KLS0tLS1FTkQgQ0VSVElGSUNBVEUtLS0tLQo="
              }
            ],
            "created_at": "2021-05-06 08:08:17 +0000 UTC",
            "enabled_cluster_log_types": null,
            "encryption_config": [],
            "endpoint": "https://0FC308064829AA5344C9F0A1D888965B.gr7.us-west-2.eks.amazonaws.com",
            "id": "testcognito",
            "identity": [
              {
                "oidc": [
                  {
                    "issuer": "https://oidc.eks.us-west-2.amazonaws.com/id/0FC308064829AA5344C9F0A1D888965B"
                  }
                ]
              }
            ],
            "name": "testcognito",
            "platform_version": "eks.8",
            "role_arn": "arn:aws:iam::641456973426:role/testcognito20210506080753953600000002",
            "status": "ACTIVE",
            "tags": {
              "Environment": "testing",
              "Project": "Kubeflow"
            },
            "timeouts": {
              "create": "30m",
              "delete": "15m",
              "update": null
            },
            "version": "1.16",
            "vpc_config": [
              {
                "cluster_security_group_id": "sg-09d5b45c982d929c4",
                "endpoint_private_access": false,
                "endpoint_public_access": true,
                "public_access_cidrs": [
                  "0.0.0.0/0"
                ],
                "security_group_ids": [
                  "sg-0303636fd233210b2"
                ],
                "subnet_ids": [
                  "subnet-0abea3994a93cbc27",
                  "subnet-0fec41c314798d8cc"
                ],
                "vpc_id": "vpc-0503cb09e8aad6d2f"
              }
            ]
          },
          "private": "eyJlMmJmYjczMC1lY2FhLTExZTYtOGY4OC0zNDM2M2JjN2M0YzAiOnsiY3JlYXRlIjoxODAwMDAwMDAwMDAwLCJkZWxldGUiOjkwMDAwMDAwMDAwMCwidXBkYXRlIjozNjAwMDAwMDAwMDAwfX0=",
          "dependencies": [
            "module.sak_kubeflow.module.kubernetes.module.eks.aws_cloudwatch_log_group.this",
            "module.sak_kubeflow.module.kubernetes.module.eks.aws_iam_role.cluster",
            "module.sak_kubeflow.module.kubernetes.module.eks.aws_iam_role_policy_attachment.cluster_AmazonEKSClusterPolicy",
            "module.sak_kubeflow.module.kubernetes.module.eks.aws_iam_role_policy_attachment.cluster_AmazonEKSServicePolicy",
            "module.sak_kubeflow.module.kubernetes.module.eks.aws_security_group.cluster",
            "module.sak_kubeflow.module.network.module.vpc.aws_subnet.private",
            "module.sak_kubeflow.module.network.module.vpc.aws_vpc.this",
            "module.sak_kubeflow.module.network.module.vpc.aws_vpc_ipv4_cidr_block_association.this"
          ]
        }
      ]
    },
    {
      "module": "module.sak_kubeflow.module.kubernetes.module.eks",
      "mode": "managed",
      "type": "aws_iam_role",
      "name": "cluster",
      "each": "list",
      "provider": "module.sak_kubeflow.provider.aws",
      "instances": [
        {
          "index_key": 0,
          "schema_version": 0,
          "attributes": {
            "arn": "arn:aws:iam::641456973426:role/testcognito20210506080753953600000002",
            "assume_role_policy": "{\"Version\":\"2012-10-17\",\"Statement\":[{\"Sid\":\"EKSClusterAssumeRole\",\"Effect\":\"Allow\",\"Principal\":{\"Service\":\"eks.amazonaws.com\"},\"Action\":\"sts:AssumeRole\"}]}",
            "create_date": "2021-05-06T08:07:54Z",
            "description": "",
            "force_detach_policies": true,
            "id": "testcognito20210506080753953600000002",
            "max_session_duration": 3600,
            "name": "testcognito20210506080753953600000002",
            "name_prefix": "testcognito",
            "path": "/",
            "permissions_boundary": null,
            "tags": {
              "Environment": "testing",
              "Project": "Kubeflow"
            },
            "unique_id": "AROAZKWOQUZZOCEDUZY34"
          },
          "private": "bnVsbA=="
        }
      ]
    },
    {
      "module": "module.sak_kubeflow.module.kubernetes.module.eks",
      "mode": "managed",
      "type": "aws_iam_role_policy_attachment",
      "name": "cluster_AmazonEKSClusterPolicy",
      "each": "list",
      "provider": "module.sak_kubeflow.provider.aws",
      "instances": [
        {
          "index_key": 0,
          "schema_version": 0,
          "attributes": {
            "id": "testcognito20210506080753953600000002-20210506080756081600000004",
            "policy_arn": "arn:aws:iam::aws:policy/AmazonEKSClusterPolicy",
            "role": "testcognito20210506080753953600000002"
          },
          "private": "bnVsbA==",
          "dependencies": [
            "module.sak_kubeflow.module.kubernetes.module.eks.aws_iam_role.cluster"
          ]
        }
      ]
    },
    {
      "module": "module.sak_kubeflow.module.kubernetes.module.eks",
      "mode": "managed",
      "type": "aws_iam_role_policy_attachment",
      "name": "cluster_AmazonEKSServicePolicy",
      "each": "list",
      "provider": "module.sak_kubeflow.provider.aws",
      "instances": [
        {
          "index_key": 0,
          "schema_version": 0,
          "attributes": {
            "id": "testcognito20210506080753953600000002-20210506080756065700000003",
            "policy_arn": "arn:aws:iam::aws:policy/AmazonEKSServicePolicy",
            "role": "testcognito20210506080753953600000002"
          },
          "private": "bnVsbA==",
          "dependencies": [
            "module.sak_kubeflow.module.kubernetes.module.eks.aws_iam_role.cluster"
          ]
        }
      ]
    },
    {
      "module": "module.sak_kubeflow.module.cognito",
      "mode": "managed",
      "type": "aws_route53_record",
      "name": "root",
      "provider": "module.sak_kubeflow.provider.aws",
      "instances": [
        {
          "schema_version": 2,
          "attributes": {
            "alias": [],
            "allow_overwrite": null,
            "failover_routing_policy": [],
            "fqdn": "testcognito.sak.ninja",
            "geolocation_routing_policy": [],
            "health_check_id": null,
            "id": "Z01457893DJ395M5SVB3I_testcognito.sak.ninja_A",
            "latency_routing_policy": [],
            "multivalue_answer_routing_policy": null,
            "name": "testcognito.sak.ninja",
            "records": [
              "127.0.0.1"
            ],
            "set_identifier": null,
            "ttl": 60,
            "type": "A",
            "weighted_routing_policy": [],
            "zone_id": "Z01457893DJ395M5SVB3I"
          },
          "private": "eyJzY2hlbWFfdmVyc2lvbiI6IjIifQ==",
          "dependencies": [
            "module.sak_kubeflow.module.external_dns.aws_route53_zone.private",
            "module.sak_kubeflow.module.external_dns.aws_route53_zone.public"
          ]
        }
      ]
    },
    {
      "module": "module.sak_kubeflow.module.cognito",
      "mode": "managed",
      "type": "aws_route53_record",
      "name": "this",
      "provider": "module.sak_kubeflow.provider.aws",
      "instances": []
    },
    {
      "module": "module.sak_kubeflow.module.cognito.module.cognito_acm",
      "mode": "managed",
      "type": "aws_route53_record",
      "name": "validation",
      "each": "list",
      "provider": "module.sak_kubeflow.module.cognito.provider.aws.cognito",
      "instances": [
        {
          "index_key": 0,
          "schema_version": 2,
          "attributes": {
            "alias": [],
            "allow_overwrite": true,
            "failover_routing_policy": [],
            "fqdn": "_2d8f19f5155ac6f177a72036596f7e70.auth.testcognito.sak.ninja",
            "geolocation_routing_policy": [],
            "health_check_id": null,
            "id": "Z01457893DJ395M5SVB3I__2d8f19f5155ac6f177a72036596f7e70.auth.testcognito.sak.ninja._CNAME",
            "latency_routing_policy": [],
            "multivalue_answer_routing_policy": null,
            "name": "_2d8f19f5155ac6f177a72036596f7e70.auth.testcognito.sak.ninja",
            "records": [
              "_ccf5954a2c270fb24a98e5adeb2f6e5f.zzxlnyslwt.acm-validations.aws."
            ],
            "set_identifier": null,
            "ttl": 60,
            "type": "CNAME",
            "weighted_routing_policy": [],
            "zone_id": "Z01457893DJ395M5SVB3I"
          },
          "private": "eyJzY2hlbWFfdmVyc2lvbiI6IjIifQ==",
          "dependencies": [
            "module.sak_kubeflow.module.cognito.module.cognito_acm.aws_acm_certificate.this",
            "module.sak_kubeflow.module.external_dns.aws_route53_zone.private",
            "module.sak_kubeflow.module.external_dns.aws_route53_zone.public"
          ]
        }
      ]
    },
    {
      "module": "module.sak_kubeflow.module.external_dns",
      "mode": "managed",
      "type": "aws_route53_zone",
      "name": "private",
      "each": "list",
      "provider": "module.sak_kubeflow.provider.aws",
      "instances": []
    },
    {
      "module": "module.sak_kubeflow.module.external_dns",
      "mode": "managed",
      "type": "aws_route53_zone",
      "name": "public",
      "each": "list",
      "provider": "module.sak_kubeflow.provider.aws",
      "instances": [
        {
          "index_key": 0,
          "schema_version": 0,
          "attributes": {
            "comment": "Managed by Terraform",
            "delegation_set_id": "",
            "force_destroy": true,
            "id": "Z01457893DJ395M5SVB3I",
            "name": "testcognito.sak.ninja.",
            "name_servers": [
              "ns-1533.awsdns-63.org",
              "ns-1587.awsdns-06.co.uk",
              "ns-274.awsdns-34.com",
              "ns-843.awsdns-41.net"
            ],
            "tags": {
              "Environment": "testing",
              "Project": "Kubeflow"
            },
            "vpc": [],
            "vpc_id": null,
            "vpc_region": null,
            "zone_id": "Z01457893DJ395M5SVB3I"
          },
          "private": "bnVsbA=="
        }
      ]
    },
    {
      "module": "module.sak_kubeflow.module.kubernetes.module.eks",
      "mode": "managed",
      "type": "aws_security_group",
      "name": "cluster",
      "each": "list",
      "provider": "module.sak_kubeflow.provider.aws",
      "instances": [
        {
          "index_key": 0,
          "schema_version": 1,
          "attributes": {
            "arn": "arn:aws:ec2:us-west-2:641456973426:security-group/sg-0303636fd233210b2",
            "description": "EKS cluster security group.",
            "egress": [],
            "id": "sg-0303636fd233210b2",
            "ingress": [],
            "name": "testcognito20210506080807888600000005",
            "name_prefix": "testcognito",
            "owner_id": "641456973426",
            "revoke_rules_on_delete": false,
            "tags": {
              "Environment": "testing",
              "Name": "testcognito-eks_cluster_sg",
              "Project": "Kubeflow"
            },
            "timeouts": null,
            "vpc_id": "vpc-0503cb09e8aad6d2f"
          },
          "private": "eyJlMmJmYjczMC1lY2FhLTExZTYtOGY4OC0zNDM2M2JjN2M0YzAiOnsiY3JlYXRlIjo2MDAwMDAwMDAwMDAsImRlbGV0ZSI6NjAwMDAwMDAwMDAwfSwic2NoZW1hX3ZlcnNpb24iOiIxIn0=",
          "dependencies": [
            "module.sak_kubeflow.module.network.module.vpc.aws_vpc.this"
          ]
        }
      ]
    },
    {
      "module": "module.sak_kubeflow.module.network.module.vpc",
      "mode": "managed",
      "type": "aws_subnet",
      "name": "private",
      "each": "list",
      "provider": "module.sak_kubeflow.provider.aws",
      "instances": [
        {
          "index_key": 0,
          "schema_version": 1,
          "attributes": {
            "arn": "arn:aws:ec2:us-west-2:641456973426:subnet/subnet-0abea3994a93cbc27",
            "assign_ipv6_address_on_creation": false,
            "availability_zone": "us-west-2a",
            "availability_zone_id": "usw2-az1",
            "cidr_block": "10.10.200.0/24",
            "id": "subnet-0abea3994a93cbc27",
            "ipv6_cidr_block": "",
            "ipv6_cidr_block_association_id": "",
            "map_public_ip_on_launch": false,
            "outpost_arn": "",
            "owner_id": "641456973426",
            "tags": {
              "Environment": "testing",
              "Name": "testing-testcognito-private",
              "Project": "Kubeflow",
              "Terraform": "true",
              "kubernetes.io/cluster/testcognito": "shared"
            },
            "timeouts": null,
            "vpc_id": "vpc-0503cb09e8aad6d2f"
          },
          "private": "eyJlMmJmYjczMC1lY2FhLTExZTYtOGY4OC0zNDM2M2JjN2M0YzAiOnsiY3JlYXRlIjo2MDAwMDAwMDAwMDAsImRlbGV0ZSI6MTIwMDAwMDAwMDAwMH0sInNjaGVtYV92ZXJzaW9uIjoiMSJ9",
          "dependencies": [
            "module.sak_kubeflow.module.network.module.vpc.aws_vpc.this",
            "module.sak_kubeflow.module.network.module.vpc.aws_vpc_ipv4_cidr_block_association.this"
          ]
        },
        {
          "index_key": 1,
          "schema_version": 1,
          "attributes": {
            "arn": "arn:aws:ec2:us-west-2:641456973426:subnet/subnet-0fec41c314798d8cc",
            "assign_ipv6_address_on_creation": false,
            "availability_zone": "us-west-2b",
            "availability_zone_id": "usw2-az2",
            "cidr_block": "10.10.201.0/24",
            "id": "subnet-0fec41c314798d8cc",
            "ipv6_cidr_block": "",
            "ipv6_cidr_block_association_id": "",
            "map_public_ip_on_launch": false,
            "outpost_arn": "",
            "owner_id": "641456973426",
            "tags": {
              "Environment": "testing",
              "Name": "testing-testcognito-private",
              "Project": "Kubeflow",
              "Terraform": "true",
              "kubernetes.io/cluster/testcognito": "shared"
            },
            "timeouts": null,
            "vpc_id": "vpc-0503cb09e8aad6d2f"
          },
          "private": "eyJlMmJmYjczMC1lY2FhLTExZTYtOGY4OC0zNDM2M2JjN2M0YzAiOnsiY3JlYXRlIjo2MDAwMDAwMDAwMDAsImRlbGV0ZSI6MTIwMDAwMDAwMDAwMH0sInNjaGVtYV92ZXJzaW9uIjoiMSJ9",
          "dependencies": [
            "module.sak_kubeflow.module.network.module.vpc.aws_vpc.this",
            "module.sak_kubeflow.module.network.module.vpc.aws_vpc_ipv4_cidr_block_association.this"
          ]
        }
      ]
    },
    {
      "module": "module.sak_kubeflow.module.network.module.vpc",
      "mode": "managed",
      "type": "aws_vpc",
      "name": "this",
      "each": "list",
      "provider": "module.sak_kubeflow.provider.aws",
      "instances": [
        {
          "index_key": 0,
          "schema_version": 1,
          "attributes": {
            "arn": "arn:aws:ec2:us-west-2:641456973426:vpc/vpc-0503cb09e8aad6d2f",
            "assign_generated_ipv6_cidr_block": false,
            "cidr_block": "10.10.0.0/16",
            "default_network_acl_id": "acl-0f973fa7ebc088a53",
            "default_route_table_id": "rtb-083c410f24ca7612f",
            "default_security_group_id": "sg-0c319b4b876a9ad50",
            "dhcp_options_id": "dopt-5b85d223",
            "enable_classiclink": false,
            "enable_classiclink_dns_support": false,
            "enable_dns_hostnames": true,
            "enable_dns_support": true,
            "id": "vpc-0503cb09e8aad6d2f",
            "instance_tenancy": "default",
            "ipv6_association_id": "",
            "ipv6_cidr_block": "",
            "main_route_table_id": "rtb-083c410f24ca7612f",
            "owner_id": "641456973426",
            "tags": {
              "Environment": "testing",
              "Name": "testing-testcognito",
              "Project": "Kubeflow",
              "Terraform": "true"
            }
          },
          "private": "eyJzY2hlbWFfdmVyc2lvbiI6IjEifQ=="
        }
      ]
    },
    {
      "module": "module.sak_kubeflow.module.network.module.vpc",
      "mode": "managed",
      "type": "aws_vpc_ipv4_cidr_block_association",
      "name": "this",
      "each": "list",
      "provider": "module.sak_kubeflow.provider.aws",
      "instances": []
    }
  ]
}
